
Microsoft Visual Studio Solution File, Format Version 12.00
# Visual Studio 15
VisualStudioVersion = 15.0.28307.438
MinimumVisualStudioVersion = 10.0.40219.1
Project("{FAE04EC0-301F-11D3-BF4B-00C04F79EFBC}") = "SocketClient", "SocketClient\SocketClient.csproj", "{270A0D40-C0B0-4AF8-8E91-3113FAD601BE}"
EndProject
Global
	GlobalSection(SolutionConfigurationPlatforms) = preSolution
		Debug|Any CPU = Debug|Any CPU
		Release|Any CPU = Release|Any CPU
	EndGlobalSection
	GlobalSection(ProjectConfigurationPlatforms) = postSolution
		{270A0D40-C0B0-4AF8-8E91-3113FAD601BE}.Debug|Any CPU.ActiveCfg = Debug|Any CPU
		{270A0D40-C0B0-4AF8-8E91-3113FAD601BE}.Debug|Any CPU.Build.0 = Debug|Any CPU
		{270A0D40-C0B0-4AF8-8E91-3113FAD601BE}.Release|Any CPU.ActiveCfg = Release|Any CPU
		{270A0D40-C0B0-4AF8-8E91-3113FAD601BE}.Release|Any CPU.Build.0 = Release|Any CPU
	EndGlobalSection
	GlobalSection(SolutionProperties) = preSolution
		HideSolutionNode = FALSE
	EndGlobalSection
	GlobalSection(ExtensibilityGlobals) = postSolution
		SolutionGuid = {A0BC04E1-5B16-4BEE-84D7-167216D9E6F7}
	EndGlobalSection
EndGlobal
